
Microsoft Visual Studio Solution File, Format Version 12.00
# Visual Studio 15
VisualStudioVersion = 15.0.28307.1231
MinimumVisualStudioVersion = 10.0.40219.1
Project("{FAE04EC0-301F-11D3-BF4B-00C04F79EFBC}") = "ZwinqExercise", "ZwinqExercise\ZwinqExercise.csproj", "{3FC520B3-22B7-4C2C-ACEA-815BF8F2878E}"
EndProject
Project("{9092AA53-FB77-4645-B42D-1CCCA6BD08BD}") = "Frontend", "Frontend\Frontend.njsproj", "{5BA7B256-08A3-40EB-A43A-81894B0EBA46}"
EndProject
Global
	GlobalSection(SolutionConfigurationPlatforms) = preSolution
		Debug|Any CPU = Debug|Any CPU
		Release|Any CPU = Release|Any CPU
	EndGlobalSection
	GlobalSection(ProjectConfigurationPlatforms) = postSolution
		{3FC520B3-22B7-4C2C-ACEA-815BF8F2878E}.Debug|Any CPU.ActiveCfg = Debug|Any CPU
		{3FC520B3-22B7-4C2C-ACEA-815BF8F2878E}.Debug|Any CPU.Build.0 = Debug|Any CPU
		{3FC520B3-22B7-4C2C-ACEA-815BF8F2878E}.Release|Any CPU.ActiveCfg = Release|Any CPU
		{3FC520B3-22B7-4C2C-ACEA-815BF8F2878E}.Release|Any CPU.Build.0 = Release|Any CPU
		{5BA7B256-08A3-40EB-A43A-81894B0EBA46}.Debug|Any CPU.ActiveCfg = Debug|Any CPU
		{5BA7B256-08A3-40EB-A43A-81894B0EBA46}.Debug|Any CPU.Build.0 = Debug|Any CPU
		{5BA7B256-08A3-40EB-A43A-81894B0EBA46}.Release|Any CPU.ActiveCfg = Release|Any CPU
		{5BA7B256-08A3-40EB-A43A-81894B0EBA46}.Release|Any CPU.Build.0 = Release|Any CPU
	EndGlobalSection
	GlobalSection(SolutionProperties) = preSolution
		HideSolutionNode = FALSE
	EndGlobalSection
	GlobalSection(ExtensibilityGlobals) = postSolution
		SolutionGuid = {9AC0A952-637D-4977-B761-15E2AEF47B55}
	EndGlobalSection
EndGlobal
